
Microsoft Visual Studio Solution File, Format Version 12.00
# Visual Studio Version 16
VisualStudioVersion = 16.0.29201.188
MinimumVisualStudioVersion = 10.0.40219.1
Project("{9A19103F-16F7-4668-BE54-9A1E7A4F7556}") = "CMS.Web", "CMS.Web\CMS.Web.csproj", "{77588B10-F0A2-44B8-A17B-49EFB98A4508}"
EndProject
Project("{9A19103F-16F7-4668-BE54-9A1E7A4F7556}") = "CMS.Core", "CMS.Core\CMS.Core\CMS.Core.csproj", "{D1EB15C2-DC71-4B77-8387-F5A47195B895}"
EndProject
Project("{9A19103F-16F7-4668-BE54-9A1E7A4F7556}") = "Cafe.User", "cms-user\Cafe.User\Cafe.User.csproj", "{15FBC276-1CCA-438A-8E61-3C0BC7637AC1}"
EndProject
Global
	GlobalSection(SolutionConfigurationPlatforms) = preSolution
		Debug|Any CPU = Debug|Any CPU
		Release|Any CPU = Release|Any CPU
	EndGlobalSection
	GlobalSection(ProjectConfigurationPlatforms) = postSolution
		{77588B10-F0A2-44B8-A17B-49EFB98A4508}.Debug|Any CPU.ActiveCfg = Debug|Any CPU
		{77588B10-F0A2-44B8-A17B-49EFB98A4508}.Debug|Any CPU.Build.0 = Debug|Any CPU
		{77588B10-F0A2-44B8-A17B-49EFB98A4508}.Release|Any CPU.ActiveCfg = Release|Any CPU
		{77588B10-F0A2-44B8-A17B-49EFB98A4508}.Release|Any CPU.Build.0 = Release|Any CPU
		{D1EB15C2-DC71-4B77-8387-F5A47195B895}.Debug|Any CPU.ActiveCfg = Debug|Any CPU
		{D1EB15C2-DC71-4B77-8387-F5A47195B895}.Debug|Any CPU.Build.0 = Debug|Any CPU
		{D1EB15C2-DC71-4B77-8387-F5A47195B895}.Release|Any CPU.ActiveCfg = Release|Any CPU
		{D1EB15C2-DC71-4B77-8387-F5A47195B895}.Release|Any CPU.Build.0 = Release|Any CPU
		{15FBC276-1CCA-438A-8E61-3C0BC7637AC1}.Debug|Any CPU.ActiveCfg = Debug|Any CPU
		{15FBC276-1CCA-438A-8E61-3C0BC7637AC1}.Debug|Any CPU.Build.0 = Debug|Any CPU
		{15FBC276-1CCA-438A-8E61-3C0BC7637AC1}.Release|Any CPU.ActiveCfg = Release|Any CPU
		{15FBC276-1CCA-438A-8E61-3C0BC7637AC1}.Release|Any CPU.Build.0 = Release|Any CPU
	EndGlobalSection
	GlobalSection(SolutionProperties) = preSolution
		HideSolutionNode = FALSE
	EndGlobalSection
	GlobalSection(ExtensibilityGlobals) = postSolution
		SolutionGuid = {90754762-058B-4830-B27C-EEDDA41CAFCF}
	EndGlobalSection
EndGlobal
